# THIS IS AN AUTOGENERATED FILE. DO NOT EDIT THIS FILE DIRECTLY.
# yarn lockfile v1


oncha@^0.0.9:
  version "0.0.9"
  resolved "https://registry.yarnpkg.com/oncha/-/oncha-0.0.9.tgz#b147d3d62df6923c205b19030211cfcb9f809ddb"
  integrity sha1-sUfT1i32kjwgWxkDAhHPy5+Ands=

prettier@1.14.3:
  version "1.14.3"
  resolved "https://registry.yarnpkg.com/prettier/-/prettier-1.14.3.tgz#90238dd4c0684b7edce5f83b0fb7328e48bd0895"
  integrity sha512-qZDVnCrnpsRJJq5nSsiHCE3BYMED2OtsI+cmzIzF1QIfqm5ALf8tEJcO27zV1gKNKRPdhjO0dNWnrzssDQ1tFg==
