# THIS IS AN AUTOGENERATED FILE. DO NOT EDIT THIS FILE DIRECTLY.
# yarn lockfile v1


exalted.future@^0.0.15:
  version "0.0.15"
  resolved "https://registry.yarnpkg.com/exalted.future/-/exalted.future-0.0.15.tgz#6b8a83085d8994af30f8efcdc1f7da238164b242"
  integrity sha512-3VCCUbHJd+zMBSVZEC1USBvS4QxLtynyONWAQSQHC8dgfEePx3uHZxV0SGtFcWB0lwxBTHI7cx8rNdBQ3cUKBw==

prettier@1.14.3:
  version "1.14.3"
  resolved "https://registry.yarnpkg.com/prettier/-/prettier-1.14.3.tgz#90238dd4c0684b7edce5f83b0fb7328e48bd0895"
  integrity sha512-qZDVnCrnpsRJJq5nSsiHCE3BYMED2OtsI+cmzIzF1QIfqm5ALf8tEJcO27zV1gKNKRPdhjO0dNWnrzssDQ1tFg==
